
Microsoft Visual Studio Solution File, Format Version 12.00
# Visual Studio Version 17
VisualStudioVersion = 17.8.34330.188
MinimumVisualStudioVersion = 10.0.40219.1
Project("{FAE04EC0-301F-11D3-BF4B-00C04F79EFBC}") = "Assignment 3_Vehicle Rental System", "Assignment 3_Vehicle Rental System\Assignment 3_Vehicle Rental System.csproj", "{657E3329-0E57-4764-9B73-15DB2F2BC30F}"
EndProject
Global
	GlobalSection(SolutionConfigurationPlatforms) = preSolution
		Debug|Any CPU = Debug|Any CPU
		Release|Any CPU = Release|Any CPU
	EndGlobalSection
	GlobalSection(ProjectConfigurationPlatforms) = postSolution
		{657E3329-0E57-4764-9B73-15DB2F2BC30F}.Debug|Any CPU.ActiveCfg = Debug|Any CPU
		{657E3329-0E57-4764-9B73-15DB2F2BC30F}.Debug|Any CPU.Build.0 = Debug|Any CPU
		{657E3329-0E57-4764-9B73-15DB2F2BC30F}.Release|Any CPU.ActiveCfg = Release|Any CPU
		{657E3329-0E57-4764-9B73-15DB2F2BC30F}.Release|Any CPU.Build.0 = Release|Any CPU
	EndGlobalSection
	GlobalSection(SolutionProperties) = preSolution
		HideSolutionNode = FALSE
	EndGlobalSection
	GlobalSection(ExtensibilityGlobals) = postSolution
		SolutionGuid = {9EBFA239-01E5-4EFA-A4F5-B7ED732D19E2}
	EndGlobalSection
EndGlobal
